
Microsoft Visual Studio Solution File, Format Version 12.00
# Visual Studio Version 18
VisualStudioVersion = 18.1.11312.151
MinimumVisualStudioVersion = 10.0.40219.1
Project("{9A19103F-16F7-4668-BE54-9A1E7A4F7556}") = "AuroraScript", "src\AuroraScript.csproj", "{AE917C75-011E-42FE-9C56-1944E724DB60}"
EndProject
Project("{9A19103F-16F7-4668-BE54-9A1E7A4F7556}") = "Examples", "examples\Examples.csproj", "{EDE1BD9C-529C-4728-BFAE-93EF5D995EC0}"
EndProject
Project("{2150E333-8FDC-42A3-9474-1A3956D46DE8}") = "Solution Items", "Solution Items", "{F2FA3F5B-20B8-4012-975E-B0C00CD09612}"
	ProjectSection(SolutionItems) = preProject
		global.json = global.json
		README.md = README.md
		README_EN.md = README_EN.md
	EndProjectSection
EndProject
Project("{FAE04EC0-301F-11D3-BF4B-00C04F79EFBC}") = "Benchmark", "benchmark\Benchmark.csproj", "{42730287-9B8A-7ED6-2F08-B7B524CBA6F7}"
EndProject
Project("{FAE04EC0-301F-11D3-BF4B-00C04F79EFBC}") = "AuroraScript.Tests", "tests\AuroraScript.Tests.csproj", "{E91B7838-4D35-4D55-A28C-22A70DD37182}"
EndProject
Project("{FAE04EC0-301F-11D3-BF4B-00C04F79EFBC}") = "AuroraScript.CompilerBackend.Tests", "tests\CompilerBackend\AuroraScript.CompilerBackend.Tests.csproj", "{4E5C802A-E24E-4F75-81A1-8D3668FF1ACB}"
EndProject
Global
	GlobalSection(SolutionConfigurationPlatforms) = preSolution
		Debug|Any CPU = Debug|Any CPU
		Release|Any CPU = Release|Any CPU
	EndGlobalSection
	GlobalSection(ProjectConfigurationPlatforms) = postSolution
		{AE917C75-011E-42FE-9C56-1944E724DB60}.Debug|Any CPU.ActiveCfg = Debug|Any CPU
		{AE917C75-011E-42FE-9C56-1944E724DB60}.Debug|Any CPU.Build.0 = Debug|Any CPU
		{AE917C75-011E-42FE-9C56-1944E724DB60}.Release|Any CPU.ActiveCfg = Release|Any CPU
		{AE917C75-011E-42FE-9C56-1944E724DB60}.Release|Any CPU.Build.0 = Release|Any CPU
		{EDE1BD9C-529C-4728-BFAE-93EF5D995EC0}.Debug|Any CPU.ActiveCfg = Debug|Any CPU
		{EDE1BD9C-529C-4728-BFAE-93EF5D995EC0}.Debug|Any CPU.Build.0 = Debug|Any CPU
		{EDE1BD9C-529C-4728-BFAE-93EF5D995EC0}.Release|Any CPU.ActiveCfg = Release|Any CPU
		{EDE1BD9C-529C-4728-BFAE-93EF5D995EC0}.Release|Any CPU.Build.0 = Release|Any CPU
		{42730287-9B8A-7ED6-2F08-B7B524CBA6F7}.Debug|Any CPU.ActiveCfg = Debug|Any CPU
		{42730287-9B8A-7ED6-2F08-B7B524CBA6F7}.Debug|Any CPU.Build.0 = Debug|Any CPU
		{42730287-9B8A-7ED6-2F08-B7B524CBA6F7}.Release|Any CPU.ActiveCfg = Release|Any CPU
		{42730287-9B8A-7ED6-2F08-B7B524CBA6F7}.Release|Any CPU.Build.0 = Release|Any CPU
		{E91B7838-4D35-4D55-A28C-22A70DD37182}.Debug|Any CPU.ActiveCfg = Debug|Any CPU
		{E91B7838-4D35-4D55-A28C-22A70DD37182}.Debug|Any CPU.Build.0 = Debug|Any CPU
		{E91B7838-4D35-4D55-A28C-22A70DD37182}.Release|Any CPU.ActiveCfg = Release|Any CPU
		{E91B7838-4D35-4D55-A28C-22A70DD37182}.Release|Any CPU.Build.0 = Release|Any CPU
		{4E5C802A-E24E-4F75-81A1-8D3668FF1ACB}.Debug|Any CPU.ActiveCfg = Debug|Any CPU
		{4E5C802A-E24E-4F75-81A1-8D3668FF1ACB}.Debug|Any CPU.Build.0 = Debug|Any CPU
		{4E5C802A-E24E-4F75-81A1-8D3668FF1ACB}.Release|Any CPU.ActiveCfg = Release|Any CPU
		{4E5C802A-E24E-4F75-81A1-8D3668FF1ACB}.Release|Any CPU.Build.0 = Release|Any CPU
	EndGlobalSection
	GlobalSection(SolutionProperties) = preSolution
		HideSolutionNode = FALSE
	EndGlobalSection
	GlobalSection(ExtensibilityGlobals) = postSolution
		SolutionGuid = {D112A53E-2062-49D8-AE25-4F8B02BD956E}
	EndGlobalSection
EndGlobal
