
Microsoft Visual Studio Solution File, Format Version 12.00
# Visual Studio Version 18
VisualStudioVersion = 18.1.11312.151
MinimumVisualStudioVersion = 10.0.40219.1
Project("{9A19103F-16F7-4668-BE54-9A1E7A4F7556}") = "AuroraScript", "src\AuroraScript.csproj", "{AE917C75-011E-42FE-9C56-1944E724DB60}"
EndProject
Project("{9A19103F-16F7-4668-BE54-9A1E7A4F7556}") = "Examples", "examples\Examples.csproj", "{EDE1BD9C-529C-4728-BFAE-93EF5D995EC0}"
EndProject
Project("{2150E333-8FDC-42A3-9474-1A3956D46DE8}") = "Solution Items", "Solution Items", "{F2FA3F5B-20B8-4012-975E-B0C00CD09612}"
	ProjectSection(SolutionItems) = preProject
		global.json = global.json
		README.md = README.md
		README_EN.md = README_EN.md
	EndProjectSection
EndProject
Project("{FAE04EC0-301F-11D3-BF4B-00C04F79EFBC}") = "Benchmark", "benchmark\Benchmark.csproj", "{42730287-9B8A-7ED6-2F08-B7B524CBA6F7}"
EndProject
Project("{2150E333-8FDC-42A3-9474-1A3956D46DE8}") = "optimization-benchmark", "optimization-benchmark", "{37EE4A02-1975-8F57-2D71-88A60EB3D10F}"
EndProject
Project("{FAE04EC0-301F-11D3-BF4B-00C04F79EFBC}") = "OptimizationBenchmark", "optimization-benchmark\OptimizationBenchmark.csproj", "{45F1D461-739C-4B1C-B9C7-D2E7C7F1F115}"
EndProject
Project("{2150E333-8FDC-42A3-9474-1A3956D46DE8}") = "src", "src", "{827E0CD3-B72D-47B6-A68D-7590B98EB39B}"
EndProject
Global
	GlobalSection(SolutionConfigurationPlatforms) = preSolution
		Debug|Any CPU = Debug|Any CPU
		Debug|x64 = Debug|x64
		Debug|x86 = Debug|x86
		Release|Any CPU = Release|Any CPU
		Release|x64 = Release|x64
		Release|x86 = Release|x86
	EndGlobalSection
	GlobalSection(ProjectConfigurationPlatforms) = postSolution
		{AE917C75-011E-42FE-9C56-1944E724DB60}.Debug|Any CPU.ActiveCfg = Debug|Any CPU
		{AE917C75-011E-42FE-9C56-1944E724DB60}.Debug|Any CPU.Build.0 = Debug|Any CPU
		{AE917C75-011E-42FE-9C56-1944E724DB60}.Debug|x64.ActiveCfg = Debug|x64
		{AE917C75-011E-42FE-9C56-1944E724DB60}.Debug|x64.Build.0 = Debug|x64
		{AE917C75-011E-42FE-9C56-1944E724DB60}.Debug|x86.ActiveCfg = Debug|Any CPU
		{AE917C75-011E-42FE-9C56-1944E724DB60}.Debug|x86.Build.0 = Debug|Any CPU
		{AE917C75-011E-42FE-9C56-1944E724DB60}.Release|Any CPU.ActiveCfg = Release|Any CPU
		{AE917C75-011E-42FE-9C56-1944E724DB60}.Release|Any CPU.Build.0 = Release|Any CPU
		{AE917C75-011E-42FE-9C56-1944E724DB60}.Release|x64.ActiveCfg = Release|x64
		{AE917C75-011E-42FE-9C56-1944E724DB60}.Release|x64.Build.0 = Release|x64
		{AE917C75-011E-42FE-9C56-1944E724DB60}.Release|x86.ActiveCfg = Release|Any CPU
		{AE917C75-011E-42FE-9C56-1944E724DB60}.Release|x86.Build.0 = Release|Any CPU
		{EDE1BD9C-529C-4728-BFAE-93EF5D995EC0}.Debug|Any CPU.ActiveCfg = Debug|Any CPU
		{EDE1BD9C-529C-4728-BFAE-93EF5D995EC0}.Debug|Any CPU.Build.0 = Debug|Any CPU
		{EDE1BD9C-529C-4728-BFAE-93EF5D995EC0}.Debug|x64.ActiveCfg = Debug|x64
		{EDE1BD9C-529C-4728-BFAE-93EF5D995EC0}.Debug|x64.Build.0 = Debug|x64
		{EDE1BD9C-529C-4728-BFAE-93EF5D995EC0}.Debug|x86.ActiveCfg = Debug|Any CPU
		{EDE1BD9C-529C-4728-BFAE-93EF5D995EC0}.Debug|x86.Build.0 = Debug|Any CPU
		{EDE1BD9C-529C-4728-BFAE-93EF5D995EC0}.Release|Any CPU.ActiveCfg = Release|Any CPU
		{EDE1BD9C-529C-4728-BFAE-93EF5D995EC0}.Release|Any CPU.Build.0 = Release|Any CPU
		{EDE1BD9C-529C-4728-BFAE-93EF5D995EC0}.Release|x64.ActiveCfg = Release|x64
		{EDE1BD9C-529C-4728-BFAE-93EF5D995EC0}.Release|x64.Build.0 = Release|x64
		{EDE1BD9C-529C-4728-BFAE-93EF5D995EC0}.Release|x86.ActiveCfg = Release|Any CPU
		{EDE1BD9C-529C-4728-BFAE-93EF5D995EC0}.Release|x86.Build.0 = Release|Any CPU
		{42730287-9B8A-7ED6-2F08-B7B524CBA6F7}.Debug|Any CPU.ActiveCfg = Debug|Any CPU
		{42730287-9B8A-7ED6-2F08-B7B524CBA6F7}.Debug|Any CPU.Build.0 = Debug|Any CPU
		{42730287-9B8A-7ED6-2F08-B7B524CBA6F7}.Debug|x64.ActiveCfg = Debug|Any CPU
		{42730287-9B8A-7ED6-2F08-B7B524CBA6F7}.Debug|x64.Build.0 = Debug|Any CPU
		{42730287-9B8A-7ED6-2F08-B7B524CBA6F7}.Debug|x86.ActiveCfg = Debug|Any CPU
		{42730287-9B8A-7ED6-2F08-B7B524CBA6F7}.Debug|x86.Build.0 = Debug|Any CPU
		{42730287-9B8A-7ED6-2F08-B7B524CBA6F7}.Release|Any CPU.ActiveCfg = Release|Any CPU
		{42730287-9B8A-7ED6-2F08-B7B524CBA6F7}.Release|Any CPU.Build.0 = Release|Any CPU
		{42730287-9B8A-7ED6-2F08-B7B524CBA6F7}.Release|x64.ActiveCfg = Release|Any CPU
		{42730287-9B8A-7ED6-2F08-B7B524CBA6F7}.Release|x64.Build.0 = Release|Any CPU
		{42730287-9B8A-7ED6-2F08-B7B524CBA6F7}.Release|x86.ActiveCfg = Release|Any CPU
		{42730287-9B8A-7ED6-2F08-B7B524CBA6F7}.Release|x86.Build.0 = Release|Any CPU
		{45F1D461-739C-4B1C-B9C7-D2E7C7F1F115}.Debug|Any CPU.ActiveCfg = Debug|Any CPU
		{45F1D461-739C-4B1C-B9C7-D2E7C7F1F115}.Debug|Any CPU.Build.0 = Debug|Any CPU
		{45F1D461-739C-4B1C-B9C7-D2E7C7F1F115}.Debug|x64.ActiveCfg = Debug|Any CPU
		{45F1D461-739C-4B1C-B9C7-D2E7C7F1F115}.Debug|x64.Build.0 = Debug|Any CPU
		{45F1D461-739C-4B1C-B9C7-D2E7C7F1F115}.Debug|x86.ActiveCfg = Debug|Any CPU
		{45F1D461-739C-4B1C-B9C7-D2E7C7F1F115}.Debug|x86.Build.0 = Debug|Any CPU
		{45F1D461-739C-4B1C-B9C7-D2E7C7F1F115}.Release|Any CPU.ActiveCfg = Release|Any CPU
		{45F1D461-739C-4B1C-B9C7-D2E7C7F1F115}.Release|Any CPU.Build.0 = Release|Any CPU
		{45F1D461-739C-4B1C-B9C7-D2E7C7F1F115}.Release|x64.ActiveCfg = Release|Any CPU
		{45F1D461-739C-4B1C-B9C7-D2E7C7F1F115}.Release|x64.Build.0 = Release|Any CPU
		{45F1D461-739C-4B1C-B9C7-D2E7C7F1F115}.Release|x86.ActiveCfg = Release|Any CPU
		{45F1D461-739C-4B1C-B9C7-D2E7C7F1F115}.Release|x86.Build.0 = Release|Any CPU
	EndGlobalSection
	GlobalSection(SolutionProperties) = preSolution
		HideSolutionNode = FALSE
	EndGlobalSection
	GlobalSection(NestedProjects) = preSolution
		{45F1D461-739C-4B1C-B9C7-D2E7C7F1F115} = {37EE4A02-1975-8F57-2D71-88A60EB3D10F}
	EndGlobalSection
	GlobalSection(ExtensibilityGlobals) = postSolution
		SolutionGuid = {D112A53E-2062-49D8-AE25-4F8B02BD956E}
	EndGlobalSection
EndGlobal
