
Microsoft Visual Studio Solution File, Format Version 12.00
# Visual Studio Version 18
VisualStudioVersion = 18.1.11312.151
MinimumVisualStudioVersion = 10.0.40219.1
Project("{9A19103F-16F7-4668-BE54-9A1E7A4F7556}") = "AuroraScript", "src\AuroraScript.csproj", "{AE917C75-011E-42FE-9C56-1944E724DB60}"
EndProject
Project("{9A19103F-16F7-4668-BE54-9A1E7A4F7556}") = "Examples", "examples\Examples.csproj", "{EDE1BD9C-529C-4728-BFAE-93EF5D995EC0}"
EndProject
Project("{2150E333-8FDC-42A3-9474-1A3956D46DE8}") = "Solution Items", "Solution Items", "{F2FA3F5B-20B8-4012-975E-B0C00CD09612}"
	ProjectSection(SolutionItems) = preProject
		global.json = global.json
		README.md = README.md
		README_EN.md = README_EN.md
	EndProjectSection
EndProject
Project("{FAE04EC0-301F-11D3-BF4B-00C04F79EFBC}") = "Benchmark", "benchmark\Benchmark.csproj", "{42730287-9B8A-7ED6-2F08-B7B524CBA6F7}"
EndProject
Project("{2150E333-8FDC-42A3-9474-1A3956D46DE8}") = "tests", "tests", "{0AB3BF05-4346-4AA6-1389-037BE0695223}"
EndProject
Project("{FAE04EC0-301F-11D3-BF4B-00C04F79EFBC}") = "AuroraScript.LanguageServices.Tests", "tests\AuroraScript.LanguageServices.Tests\AuroraScript.LanguageServices.Tests.csproj", "{EA6955ED-C823-4BE6-8BD5-B480331A7945}"
EndProject
Project("{2150E333-8FDC-42A3-9474-1A3956D46DE8}") = "language-tools", "language-tools", "{522F6BE1-4848-0089-B03E-115641A6DC55}"
EndProject
Project("{FAE04EC0-301F-11D3-BF4B-00C04F79EFBC}") = "AuroraScript.LanguageServices", "language-tools\AuroraScript.LanguageServices\AuroraScript.LanguageServices.csproj", "{D92101FE-2FBF-4AB5-9DD5-7D687B0A98F9}"
EndProject
Project("{FAE04EC0-301F-11D3-BF4B-00C04F79EFBC}") = "AuroraScript.LanguageServer", "language-tools\AuroraScript.LanguageServer\AuroraScript.LanguageServer.csproj", "{1FFF5101-5472-4FB0-9408-8B6420C312B5}"
EndProject
Project("{FAE04EC0-301F-11D3-BF4B-00C04F79EFBC}") = "AuroraScript.LanguageServer.Tests", "tests\AuroraScript.LanguageServer.Tests\AuroraScript.LanguageServer.Tests.csproj", "{28E08B05-32AA-45D4-ACAE-C763171C3415}"
EndProject
Project("{FAE04EC0-301F-11D3-BF4B-00C04F79EFBC}") = "AuroraScript.Mcp", "language-tools\AuroraScript.Mcp\AuroraScript.Mcp.csproj", "{907D3769-7D12-1A50-45A3-E62559360DF5}"
EndProject
Project("{FAE04EC0-301F-11D3-BF4B-00C04F79EFBC}") = "AuroraScript.Tests", "tests\AuroraScript.Tests\AuroraScript.Tests.csproj", "{8B6765E5-A32B-BC91-3950-EE66643DFDDE}"
EndProject
Global
	GlobalSection(SolutionConfigurationPlatforms) = preSolution
		Debug|Any CPU = Debug|Any CPU
		Debug|x64 = Debug|x64
		Debug|x86 = Debug|x86
		Release|Any CPU = Release|Any CPU
		Release|x64 = Release|x64
		Release|x86 = Release|x86
	EndGlobalSection
	GlobalSection(ProjectConfigurationPlatforms) = postSolution
		{AE917C75-011E-42FE-9C56-1944E724DB60}.Debug|Any CPU.ActiveCfg = Debug|Any CPU
		{AE917C75-011E-42FE-9C56-1944E724DB60}.Debug|Any CPU.Build.0 = Debug|Any CPU
		{AE917C75-011E-42FE-9C56-1944E724DB60}.Debug|x64.ActiveCfg = Debug|Any CPU
		{AE917C75-011E-42FE-9C56-1944E724DB60}.Debug|x64.Build.0 = Debug|Any CPU
		{AE917C75-011E-42FE-9C56-1944E724DB60}.Debug|x86.ActiveCfg = Debug|Any CPU
		{AE917C75-011E-42FE-9C56-1944E724DB60}.Debug|x86.Build.0 = Debug|Any CPU
		{AE917C75-011E-42FE-9C56-1944E724DB60}.Release|Any CPU.ActiveCfg = Release|Any CPU
		{AE917C75-011E-42FE-9C56-1944E724DB60}.Release|Any CPU.Build.0 = Release|Any CPU
		{AE917C75-011E-42FE-9C56-1944E724DB60}.Release|x64.ActiveCfg = Release|Any CPU
		{AE917C75-011E-42FE-9C56-1944E724DB60}.Release|x64.Build.0 = Release|Any CPU
		{AE917C75-011E-42FE-9C56-1944E724DB60}.Release|x86.ActiveCfg = Release|Any CPU
		{AE917C75-011E-42FE-9C56-1944E724DB60}.Release|x86.Build.0 = Release|Any CPU
		{EDE1BD9C-529C-4728-BFAE-93EF5D995EC0}.Debug|Any CPU.ActiveCfg = Debug|Any CPU
		{EDE1BD9C-529C-4728-BFAE-93EF5D995EC0}.Debug|Any CPU.Build.0 = Debug|Any CPU
		{EDE1BD9C-529C-4728-BFAE-93EF5D995EC0}.Debug|x64.ActiveCfg = Debug|Any CPU
		{EDE1BD9C-529C-4728-BFAE-93EF5D995EC0}.Debug|x64.Build.0 = Debug|Any CPU
		{EDE1BD9C-529C-4728-BFAE-93EF5D995EC0}.Debug|x86.ActiveCfg = Debug|Any CPU
		{EDE1BD9C-529C-4728-BFAE-93EF5D995EC0}.Debug|x86.Build.0 = Debug|Any CPU
		{EDE1BD9C-529C-4728-BFAE-93EF5D995EC0}.Release|Any CPU.ActiveCfg = Release|Any CPU
		{EDE1BD9C-529C-4728-BFAE-93EF5D995EC0}.Release|Any CPU.Build.0 = Release|Any CPU
		{EDE1BD9C-529C-4728-BFAE-93EF5D995EC0}.Release|x64.ActiveCfg = Release|Any CPU
		{EDE1BD9C-529C-4728-BFAE-93EF5D995EC0}.Release|x64.Build.0 = Release|Any CPU
		{EDE1BD9C-529C-4728-BFAE-93EF5D995EC0}.Release|x86.ActiveCfg = Release|Any CPU
		{EDE1BD9C-529C-4728-BFAE-93EF5D995EC0}.Release|x86.Build.0 = Release|Any CPU
		{42730287-9B8A-7ED6-2F08-B7B524CBA6F7}.Debug|Any CPU.ActiveCfg = Debug|Any CPU
		{42730287-9B8A-7ED6-2F08-B7B524CBA6F7}.Debug|Any CPU.Build.0 = Debug|Any CPU
		{42730287-9B8A-7ED6-2F08-B7B524CBA6F7}.Debug|x64.ActiveCfg = Debug|Any CPU
		{42730287-9B8A-7ED6-2F08-B7B524CBA6F7}.Debug|x64.Build.0 = Debug|Any CPU
		{42730287-9B8A-7ED6-2F08-B7B524CBA6F7}.Debug|x86.ActiveCfg = Debug|Any CPU
		{42730287-9B8A-7ED6-2F08-B7B524CBA6F7}.Debug|x86.Build.0 = Debug|Any CPU
		{42730287-9B8A-7ED6-2F08-B7B524CBA6F7}.Release|Any CPU.ActiveCfg = Release|Any CPU
		{42730287-9B8A-7ED6-2F08-B7B524CBA6F7}.Release|Any CPU.Build.0 = Release|Any CPU
		{42730287-9B8A-7ED6-2F08-B7B524CBA6F7}.Release|x64.ActiveCfg = Release|Any CPU
		{42730287-9B8A-7ED6-2F08-B7B524CBA6F7}.Release|x64.Build.0 = Release|Any CPU
		{42730287-9B8A-7ED6-2F08-B7B524CBA6F7}.Release|x86.ActiveCfg = Release|Any CPU
		{42730287-9B8A-7ED6-2F08-B7B524CBA6F7}.Release|x86.Build.0 = Release|Any CPU
		{EA6955ED-C823-4BE6-8BD5-B480331A7945}.Debug|Any CPU.ActiveCfg = Debug|Any CPU
		{EA6955ED-C823-4BE6-8BD5-B480331A7945}.Debug|Any CPU.Build.0 = Debug|Any CPU
		{EA6955ED-C823-4BE6-8BD5-B480331A7945}.Debug|x64.ActiveCfg = Debug|Any CPU
		{EA6955ED-C823-4BE6-8BD5-B480331A7945}.Debug|x64.Build.0 = Debug|Any CPU
		{EA6955ED-C823-4BE6-8BD5-B480331A7945}.Debug|x86.ActiveCfg = Debug|Any CPU
		{EA6955ED-C823-4BE6-8BD5-B480331A7945}.Debug|x86.Build.0 = Debug|Any CPU
		{EA6955ED-C823-4BE6-8BD5-B480331A7945}.Release|Any CPU.ActiveCfg = Release|Any CPU
		{EA6955ED-C823-4BE6-8BD5-B480331A7945}.Release|Any CPU.Build.0 = Release|Any CPU
		{EA6955ED-C823-4BE6-8BD5-B480331A7945}.Release|x64.ActiveCfg = Release|Any CPU
		{EA6955ED-C823-4BE6-8BD5-B480331A7945}.Release|x64.Build.0 = Release|Any CPU
		{EA6955ED-C823-4BE6-8BD5-B480331A7945}.Release|x86.ActiveCfg = Release|Any CPU
		{EA6955ED-C823-4BE6-8BD5-B480331A7945}.Release|x86.Build.0 = Release|Any CPU
		{D92101FE-2FBF-4AB5-9DD5-7D687B0A98F9}.Debug|Any CPU.ActiveCfg = Debug|Any CPU
		{D92101FE-2FBF-4AB5-9DD5-7D687B0A98F9}.Debug|Any CPU.Build.0 = Debug|Any CPU
		{D92101FE-2FBF-4AB5-9DD5-7D687B0A98F9}.Debug|x64.ActiveCfg = Debug|Any CPU
		{D92101FE-2FBF-4AB5-9DD5-7D687B0A98F9}.Debug|x64.Build.0 = Debug|Any CPU
		{D92101FE-2FBF-4AB5-9DD5-7D687B0A98F9}.Debug|x86.ActiveCfg = Debug|Any CPU
		{D92101FE-2FBF-4AB5-9DD5-7D687B0A98F9}.Debug|x86.Build.0 = Debug|Any CPU
		{D92101FE-2FBF-4AB5-9DD5-7D687B0A98F9}.Release|Any CPU.ActiveCfg = Release|Any CPU
		{D92101FE-2FBF-4AB5-9DD5-7D687B0A98F9}.Release|Any CPU.Build.0 = Release|Any CPU
		{D92101FE-2FBF-4AB5-9DD5-7D687B0A98F9}.Release|x64.ActiveCfg = Release|Any CPU
		{D92101FE-2FBF-4AB5-9DD5-7D687B0A98F9}.Release|x64.Build.0 = Release|Any CPU
		{D92101FE-2FBF-4AB5-9DD5-7D687B0A98F9}.Release|x86.ActiveCfg = Release|Any CPU
		{D92101FE-2FBF-4AB5-9DD5-7D687B0A98F9}.Release|x86.Build.0 = Release|Any CPU
		{1FFF5101-5472-4FB0-9408-8B6420C312B5}.Debug|Any CPU.ActiveCfg = Debug|Any CPU
		{1FFF5101-5472-4FB0-9408-8B6420C312B5}.Debug|Any CPU.Build.0 = Debug|Any CPU
		{1FFF5101-5472-4FB0-9408-8B6420C312B5}.Debug|x64.ActiveCfg = Debug|Any CPU
		{1FFF5101-5472-4FB0-9408-8B6420C312B5}.Debug|x64.Build.0 = Debug|Any CPU
		{1FFF5101-5472-4FB0-9408-8B6420C312B5}.Debug|x86.ActiveCfg = Debug|Any CPU
		{1FFF5101-5472-4FB0-9408-8B6420C312B5}.Debug|x86.Build.0 = Debug|Any CPU
		{1FFF5101-5472-4FB0-9408-8B6420C312B5}.Release|Any CPU.ActiveCfg = Release|Any CPU
		{1FFF5101-5472-4FB0-9408-8B6420C312B5}.Release|Any CPU.Build.0 = Release|Any CPU
		{1FFF5101-5472-4FB0-9408-8B6420C312B5}.Release|x64.ActiveCfg = Release|Any CPU
		{1FFF5101-5472-4FB0-9408-8B6420C312B5}.Release|x64.Build.0 = Release|Any CPU
		{1FFF5101-5472-4FB0-9408-8B6420C312B5}.Release|x86.ActiveCfg = Release|Any CPU
		{1FFF5101-5472-4FB0-9408-8B6420C312B5}.Release|x86.Build.0 = Release|Any CPU
		{28E08B05-32AA-45D4-ACAE-C763171C3415}.Debug|Any CPU.ActiveCfg = Debug|Any CPU
		{28E08B05-32AA-45D4-ACAE-C763171C3415}.Debug|Any CPU.Build.0 = Debug|Any CPU
		{28E08B05-32AA-45D4-ACAE-C763171C3415}.Debug|x64.ActiveCfg = Debug|Any CPU
		{28E08B05-32AA-45D4-ACAE-C763171C3415}.Debug|x64.Build.0 = Debug|Any CPU
		{28E08B05-32AA-45D4-ACAE-C763171C3415}.Debug|x86.ActiveCfg = Debug|Any CPU
		{28E08B05-32AA-45D4-ACAE-C763171C3415}.Debug|x86.Build.0 = Debug|Any CPU
		{28E08B05-32AA-45D4-ACAE-C763171C3415}.Release|Any CPU.ActiveCfg = Release|Any CPU
		{28E08B05-32AA-45D4-ACAE-C763171C3415}.Release|Any CPU.Build.0 = Release|Any CPU
		{28E08B05-32AA-45D4-ACAE-C763171C3415}.Release|x64.ActiveCfg = Release|Any CPU
		{28E08B05-32AA-45D4-ACAE-C763171C3415}.Release|x64.Build.0 = Release|Any CPU
		{28E08B05-32AA-45D4-ACAE-C763171C3415}.Release|x86.ActiveCfg = Release|Any CPU
		{28E08B05-32AA-45D4-ACAE-C763171C3415}.Release|x86.Build.0 = Release|Any CPU
		{907D3769-7D12-1A50-45A3-E62559360DF5}.Debug|Any CPU.ActiveCfg = Debug|Any CPU
		{907D3769-7D12-1A50-45A3-E62559360DF5}.Debug|Any CPU.Build.0 = Debug|Any CPU
		{907D3769-7D12-1A50-45A3-E62559360DF5}.Debug|x64.ActiveCfg = Debug|Any CPU
		{907D3769-7D12-1A50-45A3-E62559360DF5}.Debug|x64.Build.0 = Debug|Any CPU
		{907D3769-7D12-1A50-45A3-E62559360DF5}.Debug|x86.ActiveCfg = Debug|Any CPU
		{907D3769-7D12-1A50-45A3-E62559360DF5}.Debug|x86.Build.0 = Debug|Any CPU
		{907D3769-7D12-1A50-45A3-E62559360DF5}.Release|Any CPU.ActiveCfg = Release|Any CPU
		{907D3769-7D12-1A50-45A3-E62559360DF5}.Release|Any CPU.Build.0 = Release|Any CPU
		{907D3769-7D12-1A50-45A3-E62559360DF5}.Release|x64.ActiveCfg = Release|Any CPU
		{907D3769-7D12-1A50-45A3-E62559360DF5}.Release|x64.Build.0 = Release|Any CPU
		{907D3769-7D12-1A50-45A3-E62559360DF5}.Release|x86.ActiveCfg = Release|Any CPU
		{907D3769-7D12-1A50-45A3-E62559360DF5}.Release|x86.Build.0 = Release|Any CPU
		{8B6765E5-A32B-BC91-3950-EE66643DFDDE}.Debug|Any CPU.ActiveCfg = Debug|Any CPU
		{8B6765E5-A32B-BC91-3950-EE66643DFDDE}.Debug|Any CPU.Build.0 = Debug|Any CPU
		{8B6765E5-A32B-BC91-3950-EE66643DFDDE}.Debug|x64.ActiveCfg = Debug|Any CPU
		{8B6765E5-A32B-BC91-3950-EE66643DFDDE}.Debug|x64.Build.0 = Debug|Any CPU
		{8B6765E5-A32B-BC91-3950-EE66643DFDDE}.Debug|x86.ActiveCfg = Debug|Any CPU
		{8B6765E5-A32B-BC91-3950-EE66643DFDDE}.Debug|x86.Build.0 = Debug|Any CPU
		{8B6765E5-A32B-BC91-3950-EE66643DFDDE}.Release|Any CPU.ActiveCfg = Release|Any CPU
		{8B6765E5-A32B-BC91-3950-EE66643DFDDE}.Release|Any CPU.Build.0 = Release|Any CPU
		{8B6765E5-A32B-BC91-3950-EE66643DFDDE}.Release|x64.ActiveCfg = Release|Any CPU
		{8B6765E5-A32B-BC91-3950-EE66643DFDDE}.Release|x64.Build.0 = Release|Any CPU
		{8B6765E5-A32B-BC91-3950-EE66643DFDDE}.Release|x86.ActiveCfg = Release|Any CPU
		{8B6765E5-A32B-BC91-3950-EE66643DFDDE}.Release|x86.Build.0 = Release|Any CPU
	EndGlobalSection
	GlobalSection(SolutionProperties) = preSolution
		HideSolutionNode = FALSE
	EndGlobalSection
	GlobalSection(NestedProjects) = preSolution
		{EA6955ED-C823-4BE6-8BD5-B480331A7945} = {0AB3BF05-4346-4AA6-1389-037BE0695223}
		{D92101FE-2FBF-4AB5-9DD5-7D687B0A98F9} = {522F6BE1-4848-0089-B03E-115641A6DC55}
		{1FFF5101-5472-4FB0-9408-8B6420C312B5} = {522F6BE1-4848-0089-B03E-115641A6DC55}
		{28E08B05-32AA-45D4-ACAE-C763171C3415} = {0AB3BF05-4346-4AA6-1389-037BE0695223}
		{907D3769-7D12-1A50-45A3-E62559360DF5} = {522F6BE1-4848-0089-B03E-115641A6DC55}
		{8B6765E5-A32B-BC91-3950-EE66643DFDDE} = {0AB3BF05-4346-4AA6-1389-037BE0695223}
	EndGlobalSection
	GlobalSection(ExtensibilityGlobals) = postSolution
		SolutionGuid = {D112A53E-2062-49D8-AE25-4F8B02BD956E}
	EndGlobalSection
EndGlobal
